
Microsoft Visual Studio Solution File, Format Version 12.00
# Visual Studio Version 17
VisualStudioVersion = 17.5.33424.131
MinimumVisualStudioVersion = 10.0.40219.1
Project("{FAE04EC0-301F-11D3-BF4B-00C04F79EFBC}") = "AdvancedForm", "AdvancedForm\AdvancedForm.csproj", "{EB9B2412-1E79-4FB2-969B-DCF474AB0F89}"
EndProject
Global
	GlobalSection(SolutionConfigurationPlatforms) = preSolution
		Debug|Any CPU = Debug|Any CPU
		Release|Any CPU = Release|Any CPU
	EndGlobalSection
	GlobalSection(ProjectConfigurationPlatforms) = postSolution
		{EB9B2412-1E79-4FB2-969B-DCF474AB0F89}.Debug|Any CPU.ActiveCfg = Debug|Any CPU
		{EB9B2412-1E79-4FB2-969B-DCF474AB0F89}.Debug|Any CPU.Build.0 = Debug|Any CPU
		{EB9B2412-1E79-4FB2-969B-DCF474AB0F89}.Release|Any CPU.ActiveCfg = Release|Any CPU
		{EB9B2412-1E79-4FB2-969B-DCF474AB0F89}.Release|Any CPU.Build.0 = Release|Any CPU
	EndGlobalSection
	GlobalSection(SolutionProperties) = preSolution
		HideSolutionNode = FALSE
	EndGlobalSection
	GlobalSection(ExtensibilityGlobals) = postSolution
		SolutionGuid = {8784A060-BAA1-4118-B422-CE05155B60C3}
	EndGlobalSection
EndGlobal
